
Microsoft Visual Studio Solution File, Format Version 12.00
# Visual Studio Version 17
VisualStudioVersion = 17.0.31903.59
MinimumVisualStudioVersion = 10.0.40219.1
Project("{2150E333-8FDC-42A3-9474-1A3956D46DE8}") = "src", "src", "{3F96AD45-AA02-4688-9B98-30B5B7907F87}"
EndProject
Project("{FAE04EC0-301F-11D3-BF4B-00C04F79EFBC}") = "ECommerce.Domain", "src\ECommerce.Domain\ECommerce.Domain.csproj", "{FA0B7CCD-655A-4844-9480-8DB2CABAA76D}"
EndProject
Project("{FAE04EC0-301F-11D3-BF4B-00C04F79EFBC}") = "ECommerce.Application", "src\ECommerce.Application\ECommerce.Application.csproj", "{DF116A49-FBDA-4EA3-9C86-6E754AE145E5}"
EndProject
Project("{FAE04EC0-301F-11D3-BF4B-00C04F79EFBC}") = "ECommerce.Infrastructure", "src\ECommerce.Infrastructure\ECommerce.Infrastructure.csproj", "{E8E814DF-8A7D-4F05-A07C-13264E7EE6E6}"
EndProject
Project("{FAE04EC0-301F-11D3-BF4B-00C04F79EFBC}") = "ECommerce.Api", "src\ECommerce.Api\ECommerce.Api.csproj", "{5F4E9FF9-EEAD-40F8-B6CA-854D2AFA6137}"
EndProject
Project("{FAE04EC0-301F-11D3-BF4B-00C04F79EFBC}") = "ECommerce.Api.Tests", "src\ECommerce.Api.Tests\ECommerce.Api.Tests.csproj", "{EE916925-4579-4077-A6A5-6CA05E03FE9F}"
EndProject
Global
	GlobalSection(SolutionConfigurationPlatforms) = preSolution
		Debug|Any CPU = Debug|Any CPU
		Release|Any CPU = Release|Any CPU
	EndGlobalSection
	GlobalSection(ProjectConfigurationPlatforms) = postSolution
		{FA0B7CCD-655A-4844-9480-8DB2CABAA76D}.Debug|Any CPU.ActiveCfg = Debug|Any CPU
		{FA0B7CCD-655A-4844-9480-8DB2CABAA76D}.Debug|Any CPU.Build.0 = Debug|Any CPU
		{FA0B7CCD-655A-4844-9480-8DB2CABAA76D}.Release|Any CPU.ActiveCfg = Release|Any CPU
		{FA0B7CCD-655A-4844-9480-8DB2CABAA76D}.Release|Any CPU.Build.0 = Release|Any CPU
		{DF116A49-FBDA-4EA3-9C86-6E754AE145E5}.Debug|Any CPU.ActiveCfg = Debug|Any CPU
		{DF116A49-FBDA-4EA3-9C86-6E754AE145E5}.Debug|Any CPU.Build.0 = Debug|Any CPU
		{DF116A49-FBDA-4EA3-9C86-6E754AE145E5}.Release|Any CPU.ActiveCfg = Release|Any CPU
		{DF116A49-FBDA-4EA3-9C86-6E754AE145E5}.Release|Any CPU.Build.0 = Release|Any CPU
		{E8E814DF-8A7D-4F05-A07C-13264E7EE6E6}.Debug|Any CPU.ActiveCfg = Debug|Any CPU
		{E8E814DF-8A7D-4F05-A07C-13264E7EE6E6}.Debug|Any CPU.Build.0 = Debug|Any CPU
		{E8E814DF-8A7D-4F05-A07C-13264E7EE6E6}.Release|Any CPU.ActiveCfg = Release|Any CPU
		{E8E814DF-8A7D-4F05-A07C-13264E7EE6E6}.Release|Any CPU.Build.0 = Release|Any CPU
		{5F4E9FF9-EEAD-40F8-B6CA-854D2AFA6137}.Debug|Any CPU.ActiveCfg = Debug|Any CPU
		{5F4E9FF9-EEAD-40F8-B6CA-854D2AFA6137}.Debug|Any CPU.Build.0 = Debug|Any CPU
		{5F4E9FF9-EEAD-40F8-B6CA-854D2AFA6137}.Release|Any CPU.ActiveCfg = Release|Any CPU
		{5F4E9FF9-EEAD-40F8-B6CA-854D2AFA6137}.Release|Any CPU.Build.0 = Release|Any CPU
		{EE916925-4579-4077-A6A5-6CA05E03FE9F}.Debug|Any CPU.ActiveCfg = Debug|Any CPU
		{EE916925-4579-4077-A6A5-6CA05E03FE9F}.Debug|Any CPU.Build.0 = Debug|Any CPU
		{EE916925-4579-4077-A6A5-6CA05E03FE9F}.Release|Any CPU.ActiveCfg = Release|Any CPU
		{EE916925-4579-4077-A6A5-6CA05E03FE9F}.Release|Any CPU.Build.0 = Release|Any CPU
	EndGlobalSection
	GlobalSection(SolutionProperties) = preSolution
		HideSolutionNode = FALSE
	EndGlobalSection
	GlobalSection(NestedProjects) = preSolution
		{FA0B7CCD-655A-4844-9480-8DB2CABAA76D} = {3F96AD45-AA02-4688-9B98-30B5B7907F87}
		{DF116A49-FBDA-4EA3-9C86-6E754AE145E5} = {3F96AD45-AA02-4688-9B98-30B5B7907F87}
		{E8E814DF-8A7D-4F05-A07C-13264E7EE6E6} = {3F96AD45-AA02-4688-9B98-30B5B7907F87}
		{5F4E9FF9-EEAD-40F8-B6CA-854D2AFA6137} = {3F96AD45-AA02-4688-9B98-30B5B7907F87}
		{EE916925-4579-4077-A6A5-6CA05E03FE9F} = {3F96AD45-AA02-4688-9B98-30B5B7907F87}
	EndGlobalSection
EndGlobal
