
Microsoft Visual Studio Solution File, Format Version 12.00
# Visual Studio Version 17
VisualStudioVersion = 17.0.31903.59
MinimumVisualStudioVersion = 10.0.40219.1
Project("{2150E333-8FDC-42A3-9474-1A3956D46DE8}") = "src", "src", "{E125B64D-4694-4A09-A41C-79C8A2D81F71}"
EndProject
Project("{FAE04EC0-301F-11D3-BF4B-00C04F79EFBC}") = "PaymentService.Api", "src\PaymentService.Api\PaymentService.Api.csproj", "{486DB277-D5BF-4EEE-8134-0393347F161A}"
EndProject
Project("{FAE04EC0-301F-11D3-BF4B-00C04F79EFBC}") = "PaymentService.Domain", "src\PaymentService.Domain\PaymentService.Domain.csproj", "{21C42F7D-159B-46F7-96A3-7C93B9AA9090}"
EndProject
Project("{FAE04EC0-301F-11D3-BF4B-00C04F79EFBC}") = "PaymentService.Application", "src\PaymentService.Application\PaymentService.Application.csproj", "{FB9FCE70-D44B-457D-9C84-B76B8DB6F0B9}"
EndProject
Project("{FAE04EC0-301F-11D3-BF4B-00C04F79EFBC}") = "PaymentService.Infrastructure", "src\PaymentService.Infrastructure\PaymentService.Infrastructure.csproj", "{8C490424-DC7F-4573-A7DA-B42759C69E25}"
EndProject
Global
	GlobalSection(SolutionConfigurationPlatforms) = preSolution
		Debug|Any CPU = Debug|Any CPU
		Release|Any CPU = Release|Any CPU
	EndGlobalSection
	GlobalSection(SolutionProperties) = preSolution
		HideSolutionNode = FALSE
	EndGlobalSection
	GlobalSection(ProjectConfigurationPlatforms) = postSolution
		{486DB277-D5BF-4EEE-8134-0393347F161A}.Debug|Any CPU.ActiveCfg = Debug|Any CPU
		{486DB277-D5BF-4EEE-8134-0393347F161A}.Debug|Any CPU.Build.0 = Debug|Any CPU
		{486DB277-D5BF-4EEE-8134-0393347F161A}.Release|Any CPU.ActiveCfg = Release|Any CPU
		{486DB277-D5BF-4EEE-8134-0393347F161A}.Release|Any CPU.Build.0 = Release|Any CPU
		{21C42F7D-159B-46F7-96A3-7C93B9AA9090}.Debug|Any CPU.ActiveCfg = Debug|Any CPU
		{21C42F7D-159B-46F7-96A3-7C93B9AA9090}.Debug|Any CPU.Build.0 = Debug|Any CPU
		{21C42F7D-159B-46F7-96A3-7C93B9AA9090}.Release|Any CPU.ActiveCfg = Release|Any CPU
		{21C42F7D-159B-46F7-96A3-7C93B9AA9090}.Release|Any CPU.Build.0 = Release|Any CPU
		{FB9FCE70-D44B-457D-9C84-B76B8DB6F0B9}.Debug|Any CPU.ActiveCfg = Debug|Any CPU
		{FB9FCE70-D44B-457D-9C84-B76B8DB6F0B9}.Debug|Any CPU.Build.0 = Debug|Any CPU
		{FB9FCE70-D44B-457D-9C84-B76B8DB6F0B9}.Release|Any CPU.ActiveCfg = Release|Any CPU
		{FB9FCE70-D44B-457D-9C84-B76B8DB6F0B9}.Release|Any CPU.Build.0 = Release|Any CPU
		{8C490424-DC7F-4573-A7DA-B42759C69E25}.Debug|Any CPU.ActiveCfg = Debug|Any CPU
		{8C490424-DC7F-4573-A7DA-B42759C69E25}.Debug|Any CPU.Build.0 = Debug|Any CPU
		{8C490424-DC7F-4573-A7DA-B42759C69E25}.Release|Any CPU.ActiveCfg = Release|Any CPU
		{8C490424-DC7F-4573-A7DA-B42759C69E25}.Release|Any CPU.Build.0 = Release|Any CPU
	EndGlobalSection
	GlobalSection(NestedProjects) = preSolution
		{486DB277-D5BF-4EEE-8134-0393347F161A} = {E125B64D-4694-4A09-A41C-79C8A2D81F71}
		{21C42F7D-159B-46F7-96A3-7C93B9AA9090} = {E125B64D-4694-4A09-A41C-79C8A2D81F71}
		{FB9FCE70-D44B-457D-9C84-B76B8DB6F0B9} = {E125B64D-4694-4A09-A41C-79C8A2D81F71}
		{8C490424-DC7F-4573-A7DA-B42759C69E25} = {E125B64D-4694-4A09-A41C-79C8A2D81F71}
	EndGlobalSection
EndGlobal
